
Microsoft Visual Studio Solution File, Format Version 12.00
# Visual Studio Version 17
VisualStudioVersion = 17.8.34322.80
MinimumVisualStudioVersion = 10.0.40219.1
Project("{FAE04EC0-301F-11D3-BF4B-00C04F79EFBC}") = "MarkdownToHtmlConverter", "MarkdownToHtmlConverter.csproj", "{95E7986A-1A4E-4FCB-A8E9-A192D4FFD81D}"
EndProject
Global
	GlobalSection(SolutionConfigurationPlatforms) = preSolution
		Debug|Any CPU = Debug|Any CPU
		Release|Any CPU = Release|Any CPU
	EndGlobalSection
	GlobalSection(ProjectConfigurationPlatforms) = postSolution
		{95E7986A-1A4E-4FCB-A8E9-A192D4FFD81D}.Debug|Any CPU.ActiveCfg = Debug|Any CPU
		{95E7986A-1A4E-4FCB-A8E9-A192D4FFD81D}.Debug|Any CPU.Build.0 = Debug|Any CPU
		{95E7986A-1A4E-4FCB-A8E9-A192D4FFD81D}.Release|Any CPU.ActiveCfg = Release|Any CPU
		{95E7986A-1A4E-4FCB-A8E9-A192D4FFD81D}.Release|Any CPU.Build.0 = Release|Any CPU
	EndGlobalSection
	GlobalSection(SolutionProperties) = preSolution
		HideSolutionNode = FALSE
	EndGlobalSection
	GlobalSection(ExtensibilityGlobals) = postSolution
		SolutionGuid = {7F6BDB35-0380-4C11-B300-310EE967552D}
	EndGlobalSection
EndGlobal
